
Microsoft Visual Studio Solution File, Format Version 12.00
# Visual Studio 15
VisualStudioVersion = 15.0.26730.16
MinimumVisualStudioVersion = 10.0.40219.1
Project("{FAE04EC0-301F-11D3-BF4B-00C04F79EFBC}") = "GreetingByName", "GreetingByName\GreetingByName.csproj", "{1A5C0A61-00AE-4972-9875-1D66616E7D73}"
EndProject
Global
	GlobalSection(SolutionConfigurationPlatforms) = preSolution
		Debug|Any CPU = Debug|Any CPU
		Release|Any CPU = Release|Any CPU
	EndGlobalSection
	GlobalSection(ProjectConfigurationPlatforms) = postSolution
		{1A5C0A61-00AE-4972-9875-1D66616E7D73}.Debug|Any CPU.ActiveCfg = Debug|Any CPU
		{1A5C0A61-00AE-4972-9875-1D66616E7D73}.Debug|Any CPU.Build.0 = Debug|Any CPU
		{1A5C0A61-00AE-4972-9875-1D66616E7D73}.Release|Any CPU.ActiveCfg = Release|Any CPU
		{1A5C0A61-00AE-4972-9875-1D66616E7D73}.Release|Any CPU.Build.0 = Release|Any CPU
	EndGlobalSection
	GlobalSection(SolutionProperties) = preSolution
		HideSolutionNode = FALSE
	EndGlobalSection
	GlobalSection(ExtensibilityGlobals) = postSolution
		SolutionGuid = {A3A48883-5AC2-4AF0-BA93-C2A836756A16}
	EndGlobalSection
EndGlobal
