
Microsoft Visual Studio Solution File, Format Version 12.00
# Visual Studio 15
VisualStudioVersion = 15.0.26730.16
MinimumVisualStudioVersion = 10.0.40219.1
Project("{FAE04EC0-301F-11D3-BF4B-00C04F79EFBC}") = "TriangleOf55Stars", "TriangleOf55Stars\TriangleOf55Stars.csproj", "{6F6B0A69-F3BC-4CA2-9005-D2DD2C879FBD}"
EndProject
Global
	GlobalSection(SolutionConfigurationPlatforms) = preSolution
		Debug|Any CPU = Debug|Any CPU
		Release|Any CPU = Release|Any CPU
	EndGlobalSection
	GlobalSection(ProjectConfigurationPlatforms) = postSolution
		{6F6B0A69-F3BC-4CA2-9005-D2DD2C879FBD}.Debug|Any CPU.ActiveCfg = Debug|Any CPU
		{6F6B0A69-F3BC-4CA2-9005-D2DD2C879FBD}.Debug|Any CPU.Build.0 = Debug|Any CPU
		{6F6B0A69-F3BC-4CA2-9005-D2DD2C879FBD}.Release|Any CPU.ActiveCfg = Release|Any CPU
		{6F6B0A69-F3BC-4CA2-9005-D2DD2C879FBD}.Release|Any CPU.Build.0 = Release|Any CPU
	EndGlobalSection
	GlobalSection(SolutionProperties) = preSolution
		HideSolutionNode = FALSE
	EndGlobalSection
	GlobalSection(ExtensibilityGlobals) = postSolution
		SolutionGuid = {9ECA8D7C-C904-4169-98DA-4B19A1A392A9}
	EndGlobalSection
EndGlobal
