
Microsoft Visual Studio Solution File, Format Version 12.00
# Visual Studio 15
VisualStudioVersion = 15.0.26730.16
MinimumVisualStudioVersion = 10.0.40219.1
Project("{FAE04EC0-301F-11D3-BF4B-00C04F79EFBC}") = "TriangleArea", "TriangleArea\TriangleArea.csproj", "{855348D1-83F1-4545-BCC1-8D53B890CA0B}"
EndProject
Project("{FAE04EC0-301F-11D3-BF4B-00C04F79EFBC}") = "Bricks", "Bricks\Bricks.csproj", "{CC5CCDF6-1C4A-4EF6-9747-C2266526D71B}"
EndProject
Project("{FAE04EC0-301F-11D3-BF4B-00C04F79EFBC}") = "PointOnSegment", "PointOnSegment\PointOnSegment.csproj", "{1F399D53-8636-4930-9ABF-CB5284ABDDF2}"
EndProject
Project("{FAE04EC0-301F-11D3-BF4B-00C04F79EFBC}") = "PointInFigure", "PointInFigure\PointInFigure.csproj", "{86B9223D-D512-4EB2-A98E-640D77A7825B}"
EndProject
Project("{FAE04EC0-301F-11D3-BF4B-00C04F79EFBC}") = "DateAfterFiveDays", "DateAfterFiveDays\DateAfterFiveDays.csproj", "{D38FD2BA-B97D-4216-AFEF-788496C233F7}"
EndProject
Project("{FAE04EC0-301F-11D3-BF4B-00C04F79EFBC}") = "Sums3Numbers", "Sums3Numbers\Sums3Numbers.csproj", "{45E44639-EE9D-41D7-97E9-67DF6E941DBD}"
EndProject
Project("{FAE04EC0-301F-11D3-BF4B-00C04F79EFBC}") = "SumsStep3", "SumsStep3\SumsStep3.csproj", "{0ED1AAE4-9A44-4754-9AA2-3650AC9A47DB}"
EndProject
Project("{FAE04EC0-301F-11D3-BF4B-00C04F79EFBC}") = "IncreasingElements", "IncreasingElements\IncreasingElements.csproj", "{E244B3CD-DE17-4C4F-8735-F5451BE1CB81}"
EndProject
Project("{FAE04EC0-301F-11D3-BF4B-00C04F79EFBC}") = "PerfectDiamond", "PerfectDiamond\PerfectDiamond.csproj", "{ADC68B9C-7AA9-47F8-B90C-069085E666B4}"
EndProject
Project("{FAE04EC0-301F-11D3-BF4B-00C04F79EFBC}") = "RectangleWithStars", "RectangleWithStars\RectangleWithStars.csproj", "{D4EAC258-69A9-4557-9055-EDA3C4B81C79}"
EndProject
Project("{FAE04EC0-301F-11D3-BF4B-00C04F79EFBC}") = "Increasing4Numbers", "Increasing4Numbers\Increasing4Numbers.csproj", "{7C027B90-C06C-461C-9834-B3249D26633F}"
EndProject
Project("{FAE04EC0-301F-11D3-BF4B-00C04F79EFBC}") = "GenerateRectangles", "GenerateRectangles\GenerateRectangles.csproj", "{2D90B1E6-ECCD-4620-99B8-D251C6E4FAB7}"
EndProject
Global
	GlobalSection(SolutionConfigurationPlatforms) = preSolution
		Debug|Any CPU = Debug|Any CPU
		Release|Any CPU = Release|Any CPU
	EndGlobalSection
	GlobalSection(ProjectConfigurationPlatforms) = postSolution
		{855348D1-83F1-4545-BCC1-8D53B890CA0B}.Debug|Any CPU.ActiveCfg = Debug|Any CPU
		{855348D1-83F1-4545-BCC1-8D53B890CA0B}.Debug|Any CPU.Build.0 = Debug|Any CPU
		{855348D1-83F1-4545-BCC1-8D53B890CA0B}.Release|Any CPU.ActiveCfg = Release|Any CPU
		{855348D1-83F1-4545-BCC1-8D53B890CA0B}.Release|Any CPU.Build.0 = Release|Any CPU
		{CC5CCDF6-1C4A-4EF6-9747-C2266526D71B}.Debug|Any CPU.ActiveCfg = Debug|Any CPU
		{CC5CCDF6-1C4A-4EF6-9747-C2266526D71B}.Debug|Any CPU.Build.0 = Debug|Any CPU
		{CC5CCDF6-1C4A-4EF6-9747-C2266526D71B}.Release|Any CPU.ActiveCfg = Release|Any CPU
		{CC5CCDF6-1C4A-4EF6-9747-C2266526D71B}.Release|Any CPU.Build.0 = Release|Any CPU
		{1F399D53-8636-4930-9ABF-CB5284ABDDF2}.Debug|Any CPU.ActiveCfg = Debug|Any CPU
		{1F399D53-8636-4930-9ABF-CB5284ABDDF2}.Debug|Any CPU.Build.0 = Debug|Any CPU
		{1F399D53-8636-4930-9ABF-CB5284ABDDF2}.Release|Any CPU.ActiveCfg = Release|Any CPU
		{1F399D53-8636-4930-9ABF-CB5284ABDDF2}.Release|Any CPU.Build.0 = Release|Any CPU
		{86B9223D-D512-4EB2-A98E-640D77A7825B}.Debug|Any CPU.ActiveCfg = Debug|Any CPU
		{86B9223D-D512-4EB2-A98E-640D77A7825B}.Debug|Any CPU.Build.0 = Debug|Any CPU
		{86B9223D-D512-4EB2-A98E-640D77A7825B}.Release|Any CPU.ActiveCfg = Release|Any CPU
		{86B9223D-D512-4EB2-A98E-640D77A7825B}.Release|Any CPU.Build.0 = Release|Any CPU
		{D38FD2BA-B97D-4216-AFEF-788496C233F7}.Debug|Any CPU.ActiveCfg = Debug|Any CPU
		{D38FD2BA-B97D-4216-AFEF-788496C233F7}.Debug|Any CPU.Build.0 = Debug|Any CPU
		{D38FD2BA-B97D-4216-AFEF-788496C233F7}.Release|Any CPU.ActiveCfg = Release|Any CPU
		{D38FD2BA-B97D-4216-AFEF-788496C233F7}.Release|Any CPU.Build.0 = Release|Any CPU
		{45E44639-EE9D-41D7-97E9-67DF6E941DBD}.Debug|Any CPU.ActiveCfg = Debug|Any CPU
		{45E44639-EE9D-41D7-97E9-67DF6E941DBD}.Debug|Any CPU.Build.0 = Debug|Any CPU
		{45E44639-EE9D-41D7-97E9-67DF6E941DBD}.Release|Any CPU.ActiveCfg = Release|Any CPU
		{45E44639-EE9D-41D7-97E9-67DF6E941DBD}.Release|Any CPU.Build.0 = Release|Any CPU
		{0ED1AAE4-9A44-4754-9AA2-3650AC9A47DB}.Debug|Any CPU.ActiveCfg = Debug|Any CPU
		{0ED1AAE4-9A44-4754-9AA2-3650AC9A47DB}.Debug|Any CPU.Build.0 = Debug|Any CPU
		{0ED1AAE4-9A44-4754-9AA2-3650AC9A47DB}.Release|Any CPU.ActiveCfg = Release|Any CPU
		{0ED1AAE4-9A44-4754-9AA2-3650AC9A47DB}.Release|Any CPU.Build.0 = Release|Any CPU
		{E244B3CD-DE17-4C4F-8735-F5451BE1CB81}.Debug|Any CPU.ActiveCfg = Debug|Any CPU
		{E244B3CD-DE17-4C4F-8735-F5451BE1CB81}.Debug|Any CPU.Build.0 = Debug|Any CPU
		{E244B3CD-DE17-4C4F-8735-F5451BE1CB81}.Release|Any CPU.ActiveCfg = Release|Any CPU
		{E244B3CD-DE17-4C4F-8735-F5451BE1CB81}.Release|Any CPU.Build.0 = Release|Any CPU
		{ADC68B9C-7AA9-47F8-B90C-069085E666B4}.Debug|Any CPU.ActiveCfg = Debug|Any CPU
		{ADC68B9C-7AA9-47F8-B90C-069085E666B4}.Debug|Any CPU.Build.0 = Debug|Any CPU
		{ADC68B9C-7AA9-47F8-B90C-069085E666B4}.Release|Any CPU.ActiveCfg = Release|Any CPU
		{ADC68B9C-7AA9-47F8-B90C-069085E666B4}.Release|Any CPU.Build.0 = Release|Any CPU
		{D4EAC258-69A9-4557-9055-EDA3C4B81C79}.Debug|Any CPU.ActiveCfg = Debug|Any CPU
		{D4EAC258-69A9-4557-9055-EDA3C4B81C79}.Debug|Any CPU.Build.0 = Debug|Any CPU
		{D4EAC258-69A9-4557-9055-EDA3C4B81C79}.Release|Any CPU.ActiveCfg = Release|Any CPU
		{D4EAC258-69A9-4557-9055-EDA3C4B81C79}.Release|Any CPU.Build.0 = Release|Any CPU
		{7C027B90-C06C-461C-9834-B3249D26633F}.Debug|Any CPU.ActiveCfg = Debug|Any CPU
		{7C027B90-C06C-461C-9834-B3249D26633F}.Debug|Any CPU.Build.0 = Debug|Any CPU
		{7C027B90-C06C-461C-9834-B3249D26633F}.Release|Any CPU.ActiveCfg = Release|Any CPU
		{7C027B90-C06C-461C-9834-B3249D26633F}.Release|Any CPU.Build.0 = Release|Any CPU
		{2D90B1E6-ECCD-4620-99B8-D251C6E4FAB7}.Debug|Any CPU.ActiveCfg = Debug|Any CPU
		{2D90B1E6-ECCD-4620-99B8-D251C6E4FAB7}.Debug|Any CPU.Build.0 = Debug|Any CPU
		{2D90B1E6-ECCD-4620-99B8-D251C6E4FAB7}.Release|Any CPU.ActiveCfg = Release|Any CPU
		{2D90B1E6-ECCD-4620-99B8-D251C6E4FAB7}.Release|Any CPU.Build.0 = Release|Any CPU
	EndGlobalSection
	GlobalSection(SolutionProperties) = preSolution
		HideSolutionNode = FALSE
	EndGlobalSection
	GlobalSection(ExtensibilityGlobals) = postSolution
		SolutionGuid = {2C64869A-7DE1-453E-AF24-8420BE3860C0}
	EndGlobalSection
EndGlobal
